
Microsoft Visual Studio Solution File, Format Version 12.00
# Visual Studio 14
VisualStudioVersion = 14.0.25420.1
MinimumVisualStudioVersion = 10.0.40219.1
Project("{FAE04EC0-301F-11D3-BF4B-00C04F79EFBC}") = "DepartmentMVCApp", "DepartmentMVCApp\DepartmentMVCApp.csproj", "{0F046918-40A6-4712-A56F-6881EF44C777}"
EndProject
Project("{FAE04EC0-301F-11D3-BF4B-00C04F79EFBC}") = "DepartmentUnitTest", "DepartmentUnitTest\DepartmentUnitTest.csproj", "{6615733A-9653-451E-AA7A-8972BA2E81CE}"
EndProject
Global
	GlobalSection(SolutionConfigurationPlatforms) = preSolution
		Debug|Any CPU = Debug|Any CPU
		Release|Any CPU = Release|Any CPU
	EndGlobalSection
	GlobalSection(ProjectConfigurationPlatforms) = postSolution
		{0F046918-40A6-4712-A56F-6881EF44C777}.Debug|Any CPU.ActiveCfg = Debug|Any CPU
		{0F046918-40A6-4712-A56F-6881EF44C777}.Debug|Any CPU.Build.0 = Debug|Any CPU
		{0F046918-40A6-4712-A56F-6881EF44C777}.Release|Any CPU.ActiveCfg = Release|Any CPU
		{0F046918-40A6-4712-A56F-6881EF44C777}.Release|Any CPU.Build.0 = Release|Any CPU
		{6615733A-9653-451E-AA7A-8972BA2E81CE}.Debug|Any CPU.ActiveCfg = Debug|Any CPU
		{6615733A-9653-451E-AA7A-8972BA2E81CE}.Debug|Any CPU.Build.0 = Debug|Any CPU
		{6615733A-9653-451E-AA7A-8972BA2E81CE}.Release|Any CPU.ActiveCfg = Release|Any CPU
		{6615733A-9653-451E-AA7A-8972BA2E81CE}.Release|Any CPU.Build.0 = Release|Any CPU
	EndGlobalSection
	GlobalSection(SolutionProperties) = preSolution
		HideSolutionNode = FALSE
	EndGlobalSection
EndGlobal
