
Microsoft Visual Studio Solution File, Format Version 12.00
# Visual Studio 14
VisualStudioVersion = 14.0.25420.1
MinimumVisualStudioVersion = 10.0.40219.1
Project("{FAE04EC0-301F-11D3-BF4B-00C04F79EFBC}") = "DeferredExecutionApp", "DeferredExecutionApp\DeferredExecutionApp.csproj", "{1906E3C3-2D83-47CE-A8AE-913D58A46F39}"
EndProject
Project("{FAE04EC0-301F-11D3-BF4B-00C04F79EFBC}") = "ImmediateExecutionApp", "ImmediateExecutionApp\ImmediateExecutionApp.csproj", "{42AFE0F3-107D-42D5-A927-FC8E0D35FDC9}"
EndProject
Global
	GlobalSection(SolutionConfigurationPlatforms) = preSolution
		Debug|Any CPU = Debug|Any CPU
		Release|Any CPU = Release|Any CPU
	EndGlobalSection
	GlobalSection(ProjectConfigurationPlatforms) = postSolution
		{1906E3C3-2D83-47CE-A8AE-913D58A46F39}.Debug|Any CPU.ActiveCfg = Debug|Any CPU
		{1906E3C3-2D83-47CE-A8AE-913D58A46F39}.Debug|Any CPU.Build.0 = Debug|Any CPU
		{1906E3C3-2D83-47CE-A8AE-913D58A46F39}.Release|Any CPU.ActiveCfg = Release|Any CPU
		{1906E3C3-2D83-47CE-A8AE-913D58A46F39}.Release|Any CPU.Build.0 = Release|Any CPU
		{42AFE0F3-107D-42D5-A927-FC8E0D35FDC9}.Debug|Any CPU.ActiveCfg = Debug|Any CPU
		{42AFE0F3-107D-42D5-A927-FC8E0D35FDC9}.Debug|Any CPU.Build.0 = Debug|Any CPU
		{42AFE0F3-107D-42D5-A927-FC8E0D35FDC9}.Release|Any CPU.ActiveCfg = Release|Any CPU
		{42AFE0F3-107D-42D5-A927-FC8E0D35FDC9}.Release|Any CPU.Build.0 = Release|Any CPU
	EndGlobalSection
	GlobalSection(SolutionProperties) = preSolution
		HideSolutionNode = FALSE
	EndGlobalSection
EndGlobal
