
Microsoft Visual Studio Solution File, Format Version 12.00
# Visual Studio 14
VisualStudioVersion = 14.0.25420.1
MinimumVisualStudioVersion = 10.0.40219.1
Project("{FAE04EC0-301F-11D3-BF4B-00C04F79EFBC}") = "ExceptionStackTraceApp", "ExceptionStackTraceApp\ExceptionStackTraceApp.csproj", "{A085C4ED-0EEB-40E0-BD4F-948153C71054}"
EndProject
Global
	GlobalSection(SolutionConfigurationPlatforms) = preSolution
		Debug|Any CPU = Debug|Any CPU
		Release|Any CPU = Release|Any CPU
	EndGlobalSection
	GlobalSection(ProjectConfigurationPlatforms) = postSolution
		{A085C4ED-0EEB-40E0-BD4F-948153C71054}.Debug|Any CPU.ActiveCfg = Debug|Any CPU
		{A085C4ED-0EEB-40E0-BD4F-948153C71054}.Debug|Any CPU.Build.0 = Debug|Any CPU
		{A085C4ED-0EEB-40E0-BD4F-948153C71054}.Release|Any CPU.ActiveCfg = Release|Any CPU
		{A085C4ED-0EEB-40E0-BD4F-948153C71054}.Release|Any CPU.Build.0 = Release|Any CPU
	EndGlobalSection
	GlobalSection(SolutionProperties) = preSolution
		HideSolutionNode = FALSE
	EndGlobalSection
EndGlobal
