
Microsoft Visual Studio Solution File, Format Version 12.00
# Visual Studio 14
VisualStudioVersion = 14.0.25420.1
MinimumVisualStudioVersion = 10.0.40219.1
Project("{FAE04EC0-301F-11D3-BF4B-00C04F79EFBC}") = "OcpViolation", "FixedDepositApp\OcpViolation.csproj", "{0DEA3E16-52C1-4D04-B194-266ED84C64D9}"
EndProject
Project("{FAE04EC0-301F-11D3-BF4B-00C04F79EFBC}") = "OcpSolution", "SrpSolution\OcpSolution.csproj", "{FA2B9298-FAE8-4F86-A76C-C0318CEA88C1}"
EndProject
Global
	GlobalSection(SolutionConfigurationPlatforms) = preSolution
		Debug|Any CPU = Debug|Any CPU
		Release|Any CPU = Release|Any CPU
	EndGlobalSection
	GlobalSection(ProjectConfigurationPlatforms) = postSolution
		{0DEA3E16-52C1-4D04-B194-266ED84C64D9}.Debug|Any CPU.ActiveCfg = Debug|Any CPU
		{0DEA3E16-52C1-4D04-B194-266ED84C64D9}.Debug|Any CPU.Build.0 = Debug|Any CPU
		{0DEA3E16-52C1-4D04-B194-266ED84C64D9}.Release|Any CPU.ActiveCfg = Release|Any CPU
		{0DEA3E16-52C1-4D04-B194-266ED84C64D9}.Release|Any CPU.Build.0 = Release|Any CPU
		{FA2B9298-FAE8-4F86-A76C-C0318CEA88C1}.Debug|Any CPU.ActiveCfg = Debug|Any CPU
		{FA2B9298-FAE8-4F86-A76C-C0318CEA88C1}.Debug|Any CPU.Build.0 = Debug|Any CPU
		{FA2B9298-FAE8-4F86-A76C-C0318CEA88C1}.Release|Any CPU.ActiveCfg = Release|Any CPU
		{FA2B9298-FAE8-4F86-A76C-C0318CEA88C1}.Release|Any CPU.Build.0 = Release|Any CPU
	EndGlobalSection
	GlobalSection(SolutionProperties) = preSolution
		HideSolutionNode = FALSE
	EndGlobalSection
EndGlobal
